
Microsoft Visual Studio Solution File, Format Version 12.00
# Visual Studio Version 17
VisualStudioVersion = 17.0.31912.275
MinimumVisualStudioVersion = 10.0.40219.1
Project("{9A19103F-16F7-4668-BE54-9A1E7A4F7556}") = "Dauer.Data", "Infrastructure\Dauer.Data\Dauer.Data.csproj", "{714EC380-D9FE-4438-ABEC-DE6AE92595F1}"
EndProject
Project("{9A19103F-16F7-4668-BE54-9A1E7A4F7556}") = "Dauer.Ui.Cli", "Ui\Dauer.Ui.Cli\Dauer.Ui.Cli.csproj", "{23C31CBB-83C6-42AC-A50B-973F10E0CA37}"
EndProject
Project("{9A19103F-16F7-4668-BE54-9A1E7A4F7556}") = "Dauer.Data.UnitTests", "Tests\Dauer.Data.UnitTests\Dauer.Data.UnitTests.csproj", "{3FC44178-9DEF-450A-B81E-BD0F88F2CF7A}"
EndProject
Project("{9A19103F-16F7-4668-BE54-9A1E7A4F7556}") = "Dauer.Data.IntegrationTests", "Tests\Dauer.Data.IntegrationTests\Dauer.Data.IntegrationTests.csproj", "{A2A74C51-9871-4DA8-8CC3-02C8C26CEA7C}"
EndProject
Project("{9A19103F-16F7-4668-BE54-9A1E7A4F7556}") = "Dauer.Model", "Core\Dauer.Model\Dauer.Model.csproj", "{F0EF7218-60EB-4F66-B49E-0C30983EF92C}"
EndProject
Project("{9A19103F-16F7-4668-BE54-9A1E7A4F7556}") = "Dauer.Model.UnitTests", "Tests\Dauer.Model.UnitTests\Dauer.Model.UnitTests.csproj", "{3DE164EB-628A-46D3-956C-1A8A04C975EA}"
EndProject
Project("{9A19103F-16F7-4668-BE54-9A1E7A4F7556}") = "Dauer.UnitTests.Shared", "Tests\Dauer.UnitTests.Shared\Dauer.UnitTests.Shared.csproj", "{41B1CCFB-643D-4A7B-AFBF-81B54D767405}"
EndProject
Project("{9A19103F-16F7-4668-BE54-9A1E7A4F7556}") = "Dauer.Services", "Core\Dauer.Services\Dauer.Services.csproj", "{07FD12B2-88F1-4CE1-B258-8EB1075D9422}"
EndProject
Project("{9A19103F-16F7-4668-BE54-9A1E7A4F7556}") = "Dauer.Services.UnitTests", "Tests\Dauer.Services.UnitTests\Dauer.Services.UnitTests.csproj", "{DCEF4C35-B2EE-4FB2-9565-AF4CCDE6FAA8}"
EndProject
Project("{9A19103F-16F7-4668-BE54-9A1E7A4F7556}") = "Dauer.Infrastructure", "Infrastructure\Dauer.Infrastructure\Dauer.Infrastructure.csproj", "{1991029F-59ED-4CB7-9676-27CB9405CF96}"
EndProject
Project("{9A19103F-16F7-4668-BE54-9A1E7A4F7556}") = "Dauer.Adapters.Fit", "Infrastructure\Dauer.Adapters.Fit\Dauer.Adapters.Fit.csproj", "{F59847CE-DEEE-42CD-98CE-8901E8E6E501}"
EndProject
Project("{9A19103F-16F7-4668-BE54-9A1E7A4F7556}") = "Dauer.Adapters.Selenium", "Infrastructure\Dauer.Adapters.Selenium\Dauer.Adapters.Selenium.csproj", "{2937D646-83DA-4C86-8689-472406B5624C}"
EndProject
Project("{2150E333-8FDC-42A3-9474-1A3956D46DE8}") = "Tests", "Tests", "{C4B0BF37-8C87-4A7E-9413-A8F417C554D1}"
EndProject
Project("{2150E333-8FDC-42A3-9474-1A3956D46DE8}") = "Core", "Core", "{ACB83B7E-8AB4-425C-A305-ABE92AC9961B}"
EndProject
Project("{2150E333-8FDC-42A3-9474-1A3956D46DE8}") = "Ui", "Ui", "{F4873C72-D0B4-462F-A822-837B1E4E6B81}"
EndProject
Project("{2150E333-8FDC-42A3-9474-1A3956D46DE8}") = "Infrastructure", "Infrastructure", "{A5D838EC-C896-4623-B1D8-E0B6BFF2A25C}"
EndProject
Project("{2150E333-8FDC-42A3-9474-1A3956D46DE8}") = "Solution Items", "Solution Items", "{F4593F5C-CF5E-49C2-B3A7-ED68C4AB59C3}"
	ProjectSection(SolutionItems) = preProject
		.editorconfig = .editorconfig
		.gitattributes = .gitattributes
		.gitignore = .gitignore
		Common.props = Common.props
		Directory.Build.props = Directory.Build.props
		.github\workflows\linux.yml = .github\workflows\linux.yml
		.github\workflows\macos.yml = .github\workflows\macos.yml
		nuget.config = nuget.config
		README.md = README.md
		.github\workflows\windows.yml = .github\workflows\windows.yml
	EndProjectSection
EndProject
Project("{9A19103F-16F7-4668-BE54-9A1E7A4F7556}") = "Dauer.Ui", "Ui\Dauer.Ui\Dauer.Ui.csproj", "{8CE67CCA-360D-4841-8AAD-E77368128AE9}"
EndProject
Project("{9A19103F-16F7-4668-BE54-9A1E7A4F7556}") = "Dauer.Ui.Browser", "Ui\Dauer.Ui.Browser\Dauer.Ui.Browser.csproj", "{68FC25CD-4E0E-4BB0-9621-27B097FAAE8C}"
EndProject
Project("{9A19103F-16F7-4668-BE54-9A1E7A4F7556}") = "Dauer.Ui.Android", "Ui\Dauer.Ui.Android\Dauer.Ui.Android.csproj", "{60DD7DB8-0002-40FD-9871-B3A1E85ABC68}"
EndProject
Project("{9A19103F-16F7-4668-BE54-9A1E7A4F7556}") = "Dauer.Ui.Desktop", "Ui\Dauer.Ui.Desktop\Dauer.Ui.Desktop.csproj", "{9E59264C-C345-46A2-9FFB-9822C3DC1C83}"
EndProject
Project("{9A19103F-16F7-4668-BE54-9A1E7A4F7556}") = "Dauer.Ui.iOS", "Ui\Dauer.Ui.iOS\Dauer.Ui.iOS.csproj", "{9B06A0E5-9409-4D7C-B532-364C12264BE1}"
EndProject
Project("{9A19103F-16F7-4668-BE54-9A1E7A4F7556}") = "Dauer.Adapters.Sqlite", "Infrastructure\Dauer.Adapters.Sqlite\Dauer.Adapters.Sqlite.csproj", "{21ECAE7A-E6E1-4857-9631-F24951E3CA17}"
EndProject
Project("{9A19103F-16F7-4668-BE54-9A1E7A4F7556}") = "Dauer.Ui.Infra", "Ui\Dauer.Ui.Infra\Dauer.Ui.Infra.csproj", "{9689AC3D-37BC-4754-9A74-DFC293D1AD4F}"
EndProject
Project("{9A19103F-16F7-4668-BE54-9A1E7A4F7556}") = "Dauer.Ui.Model", "Ui\Dauer.Ui.Model\Dauer.Ui.Model.csproj", "{749583B4-4139-416A-A2F3-67421216476F}"
EndProject
Project("{2150E333-8FDC-42A3-9474-1A3956D46DE8}") = "Units", "Units", "{97C9CF2E-86B0-465F-9F7A-39A0B36133B8}"
EndProject
Project("{9A19103F-16F7-4668-BE54-9A1E7A4F7556}") = "Units", "units\Units\Units.csproj", "{DC1814CC-1211-4E50-82A3-2F248CDA1C56}"
EndProject
Project("{9A19103F-16F7-4668-BE54-9A1E7A4F7556}") = "Units.Tests", "units\Units.Tests\Units.Tests.csproj", "{FFBA1B00-F007-466C-81EB-36E291BD72C8}"
EndProject
Global
	GlobalSection(SolutionConfigurationPlatforms) = preSolution
		Debug|Any CPU = Debug|Any CPU
		Release|Any CPU = Release|Any CPU
	EndGlobalSection
	GlobalSection(ProjectConfigurationPlatforms) = postSolution
		{714EC380-D9FE-4438-ABEC-DE6AE92595F1}.Debug|Any CPU.ActiveCfg = Debug|Any CPU
		{714EC380-D9FE-4438-ABEC-DE6AE92595F1}.Debug|Any CPU.Build.0 = Debug|Any CPU
		{714EC380-D9FE-4438-ABEC-DE6AE92595F1}.Release|Any CPU.ActiveCfg = Release|Any CPU
		{714EC380-D9FE-4438-ABEC-DE6AE92595F1}.Release|Any CPU.Build.0 = Release|Any CPU
		{23C31CBB-83C6-42AC-A50B-973F10E0CA37}.Debug|Any CPU.ActiveCfg = Debug|Any CPU
		{23C31CBB-83C6-42AC-A50B-973F10E0CA37}.Debug|Any CPU.Build.0 = Debug|Any CPU
		{23C31CBB-83C6-42AC-A50B-973F10E0CA37}.Release|Any CPU.ActiveCfg = Release|Any CPU
		{23C31CBB-83C6-42AC-A50B-973F10E0CA37}.Release|Any CPU.Build.0 = Release|Any CPU
		{3FC44178-9DEF-450A-B81E-BD0F88F2CF7A}.Debug|Any CPU.ActiveCfg = Debug|Any CPU
		{3FC44178-9DEF-450A-B81E-BD0F88F2CF7A}.Debug|Any CPU.Build.0 = Debug|Any CPU
		{3FC44178-9DEF-450A-B81E-BD0F88F2CF7A}.Release|Any CPU.ActiveCfg = Release|Any CPU
		{3FC44178-9DEF-450A-B81E-BD0F88F2CF7A}.Release|Any CPU.Build.0 = Release|Any CPU
		{A2A74C51-9871-4DA8-8CC3-02C8C26CEA7C}.Debug|Any CPU.ActiveCfg = Debug|Any CPU
		{A2A74C51-9871-4DA8-8CC3-02C8C26CEA7C}.Debug|Any CPU.Build.0 = Debug|Any CPU
		{A2A74C51-9871-4DA8-8CC3-02C8C26CEA7C}.Release|Any CPU.ActiveCfg = Release|Any CPU
		{A2A74C51-9871-4DA8-8CC3-02C8C26CEA7C}.Release|Any CPU.Build.0 = Release|Any CPU
		{F0EF7218-60EB-4F66-B49E-0C30983EF92C}.Debug|Any CPU.ActiveCfg = Debug|Any CPU
		{F0EF7218-60EB-4F66-B49E-0C30983EF92C}.Debug|Any CPU.Build.0 = Debug|Any CPU
		{F0EF7218-60EB-4F66-B49E-0C30983EF92C}.Release|Any CPU.ActiveCfg = Release|Any CPU
		{F0EF7218-60EB-4F66-B49E-0C30983EF92C}.Release|Any CPU.Build.0 = Release|Any CPU
		{3DE164EB-628A-46D3-956C-1A8A04C975EA}.Debug|Any CPU.ActiveCfg = Debug|Any CPU
		{3DE164EB-628A-46D3-956C-1A8A04C975EA}.Debug|Any CPU.Build.0 = Debug|Any CPU
		{3DE164EB-628A-46D3-956C-1A8A04C975EA}.Release|Any CPU.ActiveCfg = Release|Any CPU
		{3DE164EB-628A-46D3-956C-1A8A04C975EA}.Release|Any CPU.Build.0 = Release|Any CPU
		{41B1CCFB-643D-4A7B-AFBF-81B54D767405}.Debug|Any CPU.ActiveCfg = Debug|Any CPU
		{41B1CCFB-643D-4A7B-AFBF-81B54D767405}.Debug|Any CPU.Build.0 = Debug|Any CPU
		{41B1CCFB-643D-4A7B-AFBF-81B54D767405}.Release|Any CPU.ActiveCfg = Release|Any CPU
		{41B1CCFB-643D-4A7B-AFBF-81B54D767405}.Release|Any CPU.Build.0 = Release|Any CPU
		{07FD12B2-88F1-4CE1-B258-8EB1075D9422}.Debug|Any CPU.ActiveCfg = Debug|Any CPU
		{07FD12B2-88F1-4CE1-B258-8EB1075D9422}.Debug|Any CPU.Build.0 = Debug|Any CPU
		{07FD12B2-88F1-4CE1-B258-8EB1075D9422}.Release|Any CPU.ActiveCfg = Release|Any CPU
		{07FD12B2-88F1-4CE1-B258-8EB1075D9422}.Release|Any CPU.Build.0 = Release|Any CPU
		{DCEF4C35-B2EE-4FB2-9565-AF4CCDE6FAA8}.Debug|Any CPU.ActiveCfg = Debug|Any CPU
		{DCEF4C35-B2EE-4FB2-9565-AF4CCDE6FAA8}.Debug|Any CPU.Build.0 = Debug|Any CPU
		{DCEF4C35-B2EE-4FB2-9565-AF4CCDE6FAA8}.Release|Any CPU.ActiveCfg = Release|Any CPU
		{DCEF4C35-B2EE-4FB2-9565-AF4CCDE6FAA8}.Release|Any CPU.Build.0 = Release|Any CPU
		{1991029F-59ED-4CB7-9676-27CB9405CF96}.Debug|Any CPU.ActiveCfg = Debug|Any CPU
		{1991029F-59ED-4CB7-9676-27CB9405CF96}.Debug|Any CPU.Build.0 = Debug|Any CPU
		{1991029F-59ED-4CB7-9676-27CB9405CF96}.Release|Any CPU.ActiveCfg = Release|Any CPU
		{1991029F-59ED-4CB7-9676-27CB9405CF96}.Release|Any CPU.Build.0 = Release|Any CPU
		{F59847CE-DEEE-42CD-98CE-8901E8E6E501}.Debug|Any CPU.ActiveCfg = Debug|Any CPU
		{F59847CE-DEEE-42CD-98CE-8901E8E6E501}.Debug|Any CPU.Build.0 = Debug|Any CPU
		{F59847CE-DEEE-42CD-98CE-8901E8E6E501}.Release|Any CPU.ActiveCfg = Release|Any CPU
		{F59847CE-DEEE-42CD-98CE-8901E8E6E501}.Release|Any CPU.Build.0 = Release|Any CPU
		{2937D646-83DA-4C86-8689-472406B5624C}.Debug|Any CPU.ActiveCfg = Debug|Any CPU
		{2937D646-83DA-4C86-8689-472406B5624C}.Debug|Any CPU.Build.0 = Debug|Any CPU
		{2937D646-83DA-4C86-8689-472406B5624C}.Release|Any CPU.ActiveCfg = Release|Any CPU
		{2937D646-83DA-4C86-8689-472406B5624C}.Release|Any CPU.Build.0 = Release|Any CPU
		{8CE67CCA-360D-4841-8AAD-E77368128AE9}.Debug|Any CPU.ActiveCfg = Debug|Any CPU
		{8CE67CCA-360D-4841-8AAD-E77368128AE9}.Debug|Any CPU.Build.0 = Debug|Any CPU
		{8CE67CCA-360D-4841-8AAD-E77368128AE9}.Release|Any CPU.ActiveCfg = Release|Any CPU
		{8CE67CCA-360D-4841-8AAD-E77368128AE9}.Release|Any CPU.Build.0 = Release|Any CPU
		{68FC25CD-4E0E-4BB0-9621-27B097FAAE8C}.Debug|Any CPU.ActiveCfg = Debug|Any CPU
		{68FC25CD-4E0E-4BB0-9621-27B097FAAE8C}.Release|Any CPU.ActiveCfg = Release|Any CPU
		{60DD7DB8-0002-40FD-9871-B3A1E85ABC68}.Debug|Any CPU.ActiveCfg = Debug|Any CPU
		{60DD7DB8-0002-40FD-9871-B3A1E85ABC68}.Debug|Any CPU.Deploy.0 = Debug|Any CPU
		{60DD7DB8-0002-40FD-9871-B3A1E85ABC68}.Release|Any CPU.ActiveCfg = Release|Any CPU
		{60DD7DB8-0002-40FD-9871-B3A1E85ABC68}.Release|Any CPU.Deploy.0 = Release|Any CPU
		{9E59264C-C345-46A2-9FFB-9822C3DC1C83}.Debug|Any CPU.ActiveCfg = Debug|Any CPU
		{9E59264C-C345-46A2-9FFB-9822C3DC1C83}.Debug|Any CPU.Build.0 = Debug|Any CPU
		{9E59264C-C345-46A2-9FFB-9822C3DC1C83}.Release|Any CPU.ActiveCfg = Release|Any CPU
		{9E59264C-C345-46A2-9FFB-9822C3DC1C83}.Release|Any CPU.Build.0 = Release|Any CPU
		{9B06A0E5-9409-4D7C-B532-364C12264BE1}.Debug|Any CPU.ActiveCfg = Debug|Any CPU
		{9B06A0E5-9409-4D7C-B532-364C12264BE1}.Debug|Any CPU.Deploy.0 = Debug|Any CPU
		{9B06A0E5-9409-4D7C-B532-364C12264BE1}.Release|Any CPU.ActiveCfg = Release|Any CPU
		{9B06A0E5-9409-4D7C-B532-364C12264BE1}.Release|Any CPU.Deploy.0 = Release|Any CPU
		{21ECAE7A-E6E1-4857-9631-F24951E3CA17}.Debug|Any CPU.ActiveCfg = Debug|Any CPU
		{21ECAE7A-E6E1-4857-9631-F24951E3CA17}.Debug|Any CPU.Build.0 = Debug|Any CPU
		{21ECAE7A-E6E1-4857-9631-F24951E3CA17}.Release|Any CPU.ActiveCfg = Release|Any CPU
		{21ECAE7A-E6E1-4857-9631-F24951E3CA17}.Release|Any CPU.Build.0 = Release|Any CPU
		{9689AC3D-37BC-4754-9A74-DFC293D1AD4F}.Debug|Any CPU.ActiveCfg = Debug|Any CPU
		{9689AC3D-37BC-4754-9A74-DFC293D1AD4F}.Debug|Any CPU.Build.0 = Debug|Any CPU
		{9689AC3D-37BC-4754-9A74-DFC293D1AD4F}.Release|Any CPU.ActiveCfg = Release|Any CPU
		{9689AC3D-37BC-4754-9A74-DFC293D1AD4F}.Release|Any CPU.Build.0 = Release|Any CPU
		{749583B4-4139-416A-A2F3-67421216476F}.Debug|Any CPU.ActiveCfg = Debug|Any CPU
		{749583B4-4139-416A-A2F3-67421216476F}.Debug|Any CPU.Build.0 = Debug|Any CPU
		{749583B4-4139-416A-A2F3-67421216476F}.Release|Any CPU.ActiveCfg = Release|Any CPU
		{749583B4-4139-416A-A2F3-67421216476F}.Release|Any CPU.Build.0 = Release|Any CPU
		{DC1814CC-1211-4E50-82A3-2F248CDA1C56}.Debug|Any CPU.ActiveCfg = Debug|Any CPU
		{DC1814CC-1211-4E50-82A3-2F248CDA1C56}.Debug|Any CPU.Build.0 = Debug|Any CPU
		{DC1814CC-1211-4E50-82A3-2F248CDA1C56}.Release|Any CPU.ActiveCfg = Release|Any CPU
		{DC1814CC-1211-4E50-82A3-2F248CDA1C56}.Release|Any CPU.Build.0 = Release|Any CPU
		{FFBA1B00-F007-466C-81EB-36E291BD72C8}.Debug|Any CPU.ActiveCfg = Debug|Any CPU
		{FFBA1B00-F007-466C-81EB-36E291BD72C8}.Debug|Any CPU.Build.0 = Debug|Any CPU
		{FFBA1B00-F007-466C-81EB-36E291BD72C8}.Release|Any CPU.ActiveCfg = Release|Any CPU
		{FFBA1B00-F007-466C-81EB-36E291BD72C8}.Release|Any CPU.Build.0 = Release|Any CPU
	EndGlobalSection
	GlobalSection(SolutionProperties) = preSolution
		HideSolutionNode = FALSE
	EndGlobalSection
	GlobalSection(NestedProjects) = preSolution
		{714EC380-D9FE-4438-ABEC-DE6AE92595F1} = {A5D838EC-C896-4623-B1D8-E0B6BFF2A25C}
		{23C31CBB-83C6-42AC-A50B-973F10E0CA37} = {F4873C72-D0B4-462F-A822-837B1E4E6B81}
		{3FC44178-9DEF-450A-B81E-BD0F88F2CF7A} = {C4B0BF37-8C87-4A7E-9413-A8F417C554D1}
		{A2A74C51-9871-4DA8-8CC3-02C8C26CEA7C} = {C4B0BF37-8C87-4A7E-9413-A8F417C554D1}
		{F0EF7218-60EB-4F66-B49E-0C30983EF92C} = {ACB83B7E-8AB4-425C-A305-ABE92AC9961B}
		{3DE164EB-628A-46D3-956C-1A8A04C975EA} = {C4B0BF37-8C87-4A7E-9413-A8F417C554D1}
		{41B1CCFB-643D-4A7B-AFBF-81B54D767405} = {C4B0BF37-8C87-4A7E-9413-A8F417C554D1}
		{07FD12B2-88F1-4CE1-B258-8EB1075D9422} = {ACB83B7E-8AB4-425C-A305-ABE92AC9961B}
		{DCEF4C35-B2EE-4FB2-9565-AF4CCDE6FAA8} = {C4B0BF37-8C87-4A7E-9413-A8F417C554D1}
		{1991029F-59ED-4CB7-9676-27CB9405CF96} = {A5D838EC-C896-4623-B1D8-E0B6BFF2A25C}
		{F59847CE-DEEE-42CD-98CE-8901E8E6E501} = {A5D838EC-C896-4623-B1D8-E0B6BFF2A25C}
		{2937D646-83DA-4C86-8689-472406B5624C} = {A5D838EC-C896-4623-B1D8-E0B6BFF2A25C}
		{8CE67CCA-360D-4841-8AAD-E77368128AE9} = {F4873C72-D0B4-462F-A822-837B1E4E6B81}
		{68FC25CD-4E0E-4BB0-9621-27B097FAAE8C} = {F4873C72-D0B4-462F-A822-837B1E4E6B81}
		{60DD7DB8-0002-40FD-9871-B3A1E85ABC68} = {F4873C72-D0B4-462F-A822-837B1E4E6B81}
		{9E59264C-C345-46A2-9FFB-9822C3DC1C83} = {F4873C72-D0B4-462F-A822-837B1E4E6B81}
		{9B06A0E5-9409-4D7C-B532-364C12264BE1} = {F4873C72-D0B4-462F-A822-837B1E4E6B81}
		{21ECAE7A-E6E1-4857-9631-F24951E3CA17} = {A5D838EC-C896-4623-B1D8-E0B6BFF2A25C}
		{9689AC3D-37BC-4754-9A74-DFC293D1AD4F} = {F4873C72-D0B4-462F-A822-837B1E4E6B81}
		{749583B4-4139-416A-A2F3-67421216476F} = {F4873C72-D0B4-462F-A822-837B1E4E6B81}
		{DC1814CC-1211-4E50-82A3-2F248CDA1C56} = {97C9CF2E-86B0-465F-9F7A-39A0B36133B8}
		{FFBA1B00-F007-466C-81EB-36E291BD72C8} = {97C9CF2E-86B0-465F-9F7A-39A0B36133B8}
	EndGlobalSection
	GlobalSection(ExtensibilityGlobals) = postSolution
		SolutionGuid = {2D037F1D-2EFD-4281-A46F-3A2C84BDA5F3}
	EndGlobalSection
EndGlobal
