
Microsoft Visual Studio Solution File, Format Version 12.00
# Visual Studio Version 17
VisualStudioVersion = 17.6.33723.286
MinimumVisualStudioVersion = 10.0.40219.1
Project("{2150E333-8FDC-42A3-9474-1A3956D46DE8}") = "Ui", "Ui", "{96E78793-EA0F-47FF-A6DF-5C9C8982A312}"
EndProject
Project("{9A19103F-16F7-4668-BE54-9A1E7A4F7556}") = "FitEdit.Ui.Deployment", "Ui\FitEdit.Ui.Deployment\FitEdit.Ui.Deployment.csproj", "{CC011CB0-FA1F-438E-8340-41479BC0D867}"
EndProject
Global
	GlobalSection(SolutionConfigurationPlatforms) = preSolution
		Debug|Any CPU = Debug|Any CPU
		Release|Any CPU = Release|Any CPU
	EndGlobalSection
	GlobalSection(ProjectConfigurationPlatforms) = postSolution
		{CC011CB0-FA1F-438E-8340-41479BC0D867}.Debug|Any CPU.ActiveCfg = Debug|Any CPU
		{CC011CB0-FA1F-438E-8340-41479BC0D867}.Debug|Any CPU.Build.0 = Debug|Any CPU
		{CC011CB0-FA1F-438E-8340-41479BC0D867}.Release|Any CPU.ActiveCfg = Release|Any CPU
		{CC011CB0-FA1F-438E-8340-41479BC0D867}.Release|Any CPU.Build.0 = Release|Any CPU
	EndGlobalSection
	GlobalSection(SolutionProperties) = preSolution
		HideSolutionNode = FALSE
	EndGlobalSection
	GlobalSection(NestedProjects) = preSolution
		{CC011CB0-FA1F-438E-8340-41479BC0D867} = {96E78793-EA0F-47FF-A6DF-5C9C8982A312}
	EndGlobalSection
	GlobalSection(ExtensibilityGlobals) = postSolution
		SolutionGuid = {106A273C-BAB0-4F48-9F0E-1DDE7352FAA5}
	EndGlobalSection
EndGlobal
