
Microsoft Visual Studio Solution File, Format Version 12.00
Project("{FAE04EC0-301F-11D3-BF4B-00C04F79EFBC}") = "fitlib", "fitlib\fitlib.csproj", "{714EC380-D9FE-4438-ABEC-DE6AE92595F1}"
EndProject
Project("{FAE04EC0-301F-11D3-BF4B-00C04F79EFBC}") = "fitsharp", "fitutil\fitutil.csproj", "{23C31CBB-83C6-42AC-A50B-973F10E0CA37}"
EndProject
Global
	GlobalSection(SolutionConfigurationPlatforms) = preSolution
		Debug|Any CPU = Debug|Any CPU
		Release|Any CPU = Release|Any CPU
	EndGlobalSection
	GlobalSection(ProjectConfigurationPlatforms) = postSolution
		{714EC380-D9FE-4438-ABEC-DE6AE92595F1}.Debug|Any CPU.ActiveCfg = Debug|Any CPU
		{714EC380-D9FE-4438-ABEC-DE6AE92595F1}.Debug|Any CPU.Build.0 = Debug|Any CPU
		{714EC380-D9FE-4438-ABEC-DE6AE92595F1}.Release|Any CPU.ActiveCfg = Release|Any CPU
		{714EC380-D9FE-4438-ABEC-DE6AE92595F1}.Release|Any CPU.Build.0 = Release|Any CPU
		{23C31CBB-83C6-42AC-A50B-973F10E0CA37}.Debug|Any CPU.ActiveCfg = Debug|Any CPU
		{23C31CBB-83C6-42AC-A50B-973F10E0CA37}.Debug|Any CPU.Build.0 = Debug|Any CPU
		{23C31CBB-83C6-42AC-A50B-973F10E0CA37}.Release|Any CPU.ActiveCfg = Release|Any CPU
		{23C31CBB-83C6-42AC-A50B-973F10E0CA37}.Release|Any CPU.Build.0 = Release|Any CPU
	EndGlobalSection
EndGlobal
