
Microsoft Visual Studio Solution File, Format Version 12.00
# Visual Studio Version 17
VisualStudioVersion = 17.0.31912.275
MinimumVisualStudioVersion = 10.0.40219.1
Project("{9A19103F-16F7-4668-BE54-9A1E7A4F7556}") = "Dauer.Api", "Dauer.Api\Dauer.Api.csproj", "{956A6FA5-3271-4CAA-9AE2-7D0F916BD636}"
EndProject
Project("{9A19103F-16F7-4668-BE54-9A1E7A4F7556}") = "Dauer.Dto", "Dauer.Dto\Dauer.Dto.csproj", "{6BFA3394-9EF3-4952-8515-DA98DE95C9B0}"
EndProject
Project("{2150E333-8FDC-42A3-9474-1A3956D46DE8}") = "Solution Items", "Solution Items", "{3A3266CC-B150-46B1-9414-E8EE21D79C00}"
	ProjectSection(SolutionItems) = preProject
		Dockerfile = Dockerfile
		make.ps1 = make.ps1
		run.ps1 = run.ps1
	EndProjectSection
EndProject
Global
	GlobalSection(SolutionConfigurationPlatforms) = preSolution
		Debug|Any CPU = Debug|Any CPU
		Deploy|Any CPU = Deploy|Any CPU
		Release|Any CPU = Release|Any CPU
	EndGlobalSection
	GlobalSection(ProjectConfigurationPlatforms) = postSolution
		{956A6FA5-3271-4CAA-9AE2-7D0F916BD636}.Debug|Any CPU.ActiveCfg = Debug|Any CPU
		{956A6FA5-3271-4CAA-9AE2-7D0F916BD636}.Debug|Any CPU.Build.0 = Debug|Any CPU
		{956A6FA5-3271-4CAA-9AE2-7D0F916BD636}.Deploy|Any CPU.ActiveCfg = Deploy|Any CPU
		{956A6FA5-3271-4CAA-9AE2-7D0F916BD636}.Deploy|Any CPU.Build.0 = Deploy|Any CPU
		{956A6FA5-3271-4CAA-9AE2-7D0F916BD636}.Release|Any CPU.ActiveCfg = Release|Any CPU
		{956A6FA5-3271-4CAA-9AE2-7D0F916BD636}.Release|Any CPU.Build.0 = Release|Any CPU
		{6BFA3394-9EF3-4952-8515-DA98DE95C9B0}.Debug|Any CPU.ActiveCfg = Debug|Any CPU
		{6BFA3394-9EF3-4952-8515-DA98DE95C9B0}.Debug|Any CPU.Build.0 = Debug|Any CPU
		{6BFA3394-9EF3-4952-8515-DA98DE95C9B0}.Deploy|Any CPU.ActiveCfg = Deploy|Any CPU
		{6BFA3394-9EF3-4952-8515-DA98DE95C9B0}.Deploy|Any CPU.Build.0 = Deploy|Any CPU
		{6BFA3394-9EF3-4952-8515-DA98DE95C9B0}.Release|Any CPU.ActiveCfg = Release|Any CPU
		{6BFA3394-9EF3-4952-8515-DA98DE95C9B0}.Release|Any CPU.Build.0 = Release|Any CPU
	EndGlobalSection
	GlobalSection(SolutionProperties) = preSolution
		HideSolutionNode = FALSE
	EndGlobalSection
	GlobalSection(ExtensibilityGlobals) = postSolution
		SolutionGuid = {47B2DA0C-2691-408C-81EA-CE25ED13C166}
	EndGlobalSection
EndGlobal
